
Microsoft Visual Studio Solution File, Format Version 12.00
# Visual Studio 14
VisualStudioVersion = 14.0.25420.1
MinimumVisualStudioVersion = 10.0.40219.1
Project("{FAE04EC0-301F-11D3-BF4B-00C04F79EFBC}") = "BooksEditor", "BooksEditor\BooksEditor.csproj", "{F2A5B63F-E011-42A6-BE4F-983A9F05F41D}"
EndProject
Project("{FAE04EC0-301F-11D3-BF4B-00C04F79EFBC}") = "BooksEditor.Tests", "BooksEditor.Tests\BooksEditor.Tests.csproj", "{92453BED-4A72-4B5D-9E84-BFCB6D3C8668}"
EndProject
Global
	GlobalSection(SolutionConfigurationPlatforms) = preSolution
		Debug|Any CPU = Debug|Any CPU
		Release|Any CPU = Release|Any CPU
	EndGlobalSection
	GlobalSection(ProjectConfigurationPlatforms) = postSolution
		{F2A5B63F-E011-42A6-BE4F-983A9F05F41D}.Debug|Any CPU.ActiveCfg = Debug|Any CPU
		{F2A5B63F-E011-42A6-BE4F-983A9F05F41D}.Debug|Any CPU.Build.0 = Debug|Any CPU
		{F2A5B63F-E011-42A6-BE4F-983A9F05F41D}.Release|Any CPU.ActiveCfg = Release|Any CPU
		{F2A5B63F-E011-42A6-BE4F-983A9F05F41D}.Release|Any CPU.Build.0 = Release|Any CPU
		{92453BED-4A72-4B5D-9E84-BFCB6D3C8668}.Debug|Any CPU.ActiveCfg = Debug|Any CPU
		{92453BED-4A72-4B5D-9E84-BFCB6D3C8668}.Debug|Any CPU.Build.0 = Debug|Any CPU
		{92453BED-4A72-4B5D-9E84-BFCB6D3C8668}.Release|Any CPU.ActiveCfg = Release|Any CPU
		{92453BED-4A72-4B5D-9E84-BFCB6D3C8668}.Release|Any CPU.Build.0 = Release|Any CPU
	EndGlobalSection
	GlobalSection(SolutionProperties) = preSolution
		HideSolutionNode = FALSE
	EndGlobalSection
EndGlobal
